
Microsoft Visual Studio Solution File, Format Version 12.00
# Visual Studio Version 17
VisualStudioVersion = 17.5.002.0
MinimumVisualStudioVersion = 10.0.40219.1
Project("{9A19103F-16F7-4668-BE54-9A1E7A4F7556}") = "entities-c-sharp", "entities-c-sharp.csproj", "{B095F7C2-D637-4BBB-BE05-53E11C8E463F}"
EndProject
Global
	GlobalSection(SolutionConfigurationPlatforms) = preSolution
		Debug|Any CPU = Debug|Any CPU
		Release|Any CPU = Release|Any CPU
	EndGlobalSection
	GlobalSection(ProjectConfigurationPlatforms) = postSolution
		{B095F7C2-D637-4BBB-BE05-53E11C8E463F}.Debug|Any CPU.ActiveCfg = Debug|Any CPU
		{B095F7C2-D637-4BBB-BE05-53E11C8E463F}.Debug|Any CPU.Build.0 = Debug|Any CPU
		{B095F7C2-D637-4BBB-BE05-53E11C8E463F}.Release|Any CPU.ActiveCfg = Release|Any CPU
		{B095F7C2-D637-4BBB-BE05-53E11C8E463F}.Release|Any CPU.Build.0 = Release|Any CPU
	EndGlobalSection
	GlobalSection(SolutionProperties) = preSolution
		HideSolutionNode = FALSE
	EndGlobalSection
	GlobalSection(ExtensibilityGlobals) = postSolution
		SolutionGuid = {31209739-7CDE-4EEE-87A3-A2D2DAF7431E}
	EndGlobalSection
EndGlobal
